Project("{2150E333-8FDC-42A3-9474-1A3956D46DE8}") = "src", "src", "{9F339473-A731-4614-A62C-4837A139AC85}"
EndProject
Project("{2150E333-8FDC-42A3-9474-1A3956D46DE8}") = "SolutionItems", "SolutionItems", "{050F383D-4617-430B-8E74-B846D2D74B7D}"
	ProjectSection(SolutionItems) = preProject
		.gitignore = .gitignore
		LICENSE = LICENSE
		README.md = README.md
	EndProjectSection
EndProject
Global
EndGlobal
